
Microsoft Visual Studio Solution File, Format Version 12.00
# Visual Studio Version 17
VisualStudioVersion = 17.4.33403.182
MinimumVisualStudioVersion = 10.0.40219.1
Project("{9A19103F-16F7-4668-BE54-9A1E7A4F7556}") = "sabatex.V1C77.Models", "src\sabatex.V1C77.Models\sabatex.V1C77.Models.csproj", "{98D27B58-43E0-41C0-A025-05A64BC697C5}"
EndProject
Project("{9A19103F-16F7-4668-BE54-9A1E7A4F7556}") = "Sabatex.V1C77", "src\sabatex.V1C77\Sabatex.V1C77.csproj", "{0ECE9B29-D422-48F1-A782-6F1E93D53720}"
EndProject
Project("{9A19103F-16F7-4668-BE54-9A1E7A4F7556}") = "XUnitTest.sabatex.V1C77", "src\XUnitTest.sabatex.V1C77\XUnitTest.sabatex.V1C77.csproj", "{A3B36B23-3B07-4E44-81BB-F4CDBD12BFCB}"
EndProject
Project("{2150E333-8FDC-42A3-9474-1A3956D46DE8}") = "Tests", "Tests", "{29DA770A-73FD-4AD4-88C6-393C7E9261B8}"
EndProject
Project("{2150E333-8FDC-42A3-9474-1A3956D46DE8}") = "WebApi", "WebApi", "{8336AA51-012F-45B5-9B38-FD69D4ACAF66}"
EndProject
Project("{9A19103F-16F7-4668-BE54-9A1E7A4F7556}") = "WebApi1C.Shared", "src\WebApi1C\Shared\WebApi1C.Shared.csproj", "{9C198156-16D8-4CC2-8E07-812E69C540A2}"
EndProject
Project("{9A19103F-16F7-4668-BE54-9A1E7A4F7556}") = "WebApi1C.Client", "src\WebApi1C\Client\WebApi1C.Client.csproj", "{9D5B7789-14A7-4DDE-8EFF-52240037246A}"
EndProject
Project("{9A19103F-16F7-4668-BE54-9A1E7A4F7556}") = "WebApi1C.Server", "src\WebApi1C\Server\WebApi1C.Server.csproj", "{589021C9-559E-42FE-8F10-ADB099C26AD6}"
EndProject
Project("{9A19103F-16F7-4668-BE54-9A1E7A4F7556}") = "WebApi1C.XUnitTest", "src\XUnitTests.WebApi1C\WebApi1C.XUnitTest.csproj", "{BAED865C-846A-437E-866E-C03ED9E95DB3}"
EndProject
Project("{2150E333-8FDC-42A3-9474-1A3956D46DE8}") = "Solution Items", "Solution Items", "{83472113-A734-4AE4-9CF5-85D1FFA947F8}"
	ProjectSection(SolutionItems) = preProject
		README.md = README.md
		result.json = result.json
	EndProjectSection
EndProject
Project("{9A19103F-16F7-4668-BE54-9A1E7A4F7556}") = "WebApi1C77", "WebApi1C77\WebApi1C77.csproj", "{CE56057D-9102-44E5-8C84-8CAC0FB230B1}"
EndProject
Global
	GlobalSection(SolutionConfigurationPlatforms) = preSolution
		Debug|Any CPU = Debug|Any CPU
		Release|Any CPU = Release|Any CPU
	EndGlobalSection
	GlobalSection(ProjectConfigurationPlatforms) = postSolution
		{98D27B58-43E0-41C0-A025-05A64BC697C5}.Debug|Any CPU.ActiveCfg = Debug|Any CPU
		{98D27B58-43E0-41C0-A025-05A64BC697C5}.Debug|Any CPU.Build.0 = Debug|Any CPU
		{98D27B58-43E0-41C0-A025-05A64BC697C5}.Release|Any CPU.ActiveCfg = Release|Any CPU
		{98D27B58-43E0-41C0-A025-05A64BC697C5}.Release|Any CPU.Build.0 = Release|Any CPU
		{0ECE9B29-D422-48F1-A782-6F1E93D53720}.Debug|Any CPU.ActiveCfg = Debug|Any CPU
		{0ECE9B29-D422-48F1-A782-6F1E93D53720}.Debug|Any CPU.Build.0 = Debug|Any CPU
		{0ECE9B29-D422-48F1-A782-6F1E93D53720}.Release|Any CPU.ActiveCfg = Release|Any CPU
		{0ECE9B29-D422-48F1-A782-6F1E93D53720}.Release|Any CPU.Build.0 = Release|Any CPU
		{A3B36B23-3B07-4E44-81BB-F4CDBD12BFCB}.Debug|Any CPU.ActiveCfg = Debug|Any CPU
		{A3B36B23-3B07-4E44-81BB-F4CDBD12BFCB}.Debug|Any CPU.Build.0 = Debug|Any CPU
		{A3B36B23-3B07-4E44-81BB-F4CDBD12BFCB}.Release|Any CPU.ActiveCfg = Release|Any CPU
		{A3B36B23-3B07-4E44-81BB-F4CDBD12BFCB}.Release|Any CPU.Build.0 = Release|Any CPU
		{9C198156-16D8-4CC2-8E07-812E69C540A2}.Debug|Any CPU.ActiveCfg = Debug|Any CPU
		{9C198156-16D8-4CC2-8E07-812E69C540A2}.Debug|Any CPU.Build.0 = Debug|Any CPU
		{9C198156-16D8-4CC2-8E07-812E69C540A2}.Release|Any CPU.ActiveCfg = Release|Any CPU
		{9C198156-16D8-4CC2-8E07-812E69C540A2}.Release|Any CPU.Build.0 = Release|Any CPU
		{9D5B7789-14A7-4DDE-8EFF-52240037246A}.Debug|Any CPU.ActiveCfg = Debug|Any CPU
		{9D5B7789-14A7-4DDE-8EFF-52240037246A}.Debug|Any CPU.Build.0 = Debug|Any CPU
		{9D5B7789-14A7-4DDE-8EFF-52240037246A}.Release|Any CPU.ActiveCfg = Release|Any CPU
		{9D5B7789-14A7-4DDE-8EFF-52240037246A}.Release|Any CPU.Build.0 = Release|Any CPU
		{589021C9-559E-42FE-8F10-ADB099C26AD6}.Debug|Any CPU.ActiveCfg = Debug|Any CPU
		{589021C9-559E-42FE-8F10-ADB099C26AD6}.Debug|Any CPU.Build.0 = Debug|Any CPU
		{589021C9-559E-42FE-8F10-ADB099C26AD6}.Release|Any CPU.ActiveCfg = Release|Any CPU
		{589021C9-559E-42FE-8F10-ADB099C26AD6}.Release|Any CPU.Build.0 = Release|Any CPU
		{BAED865C-846A-437E-866E-C03ED9E95DB3}.Debug|Any CPU.ActiveCfg = Debug|Any CPU
		{BAED865C-846A-437E-866E-C03ED9E95DB3}.Debug|Any CPU.Build.0 = Debug|Any CPU
		{BAED865C-846A-437E-866E-C03ED9E95DB3}.Release|Any CPU.ActiveCfg = Release|Any CPU
		{BAED865C-846A-437E-866E-C03ED9E95DB3}.Release|Any CPU.Build.0 = Release|Any CPU
		{CE56057D-9102-44E5-8C84-8CAC0FB230B1}.Debug|Any CPU.ActiveCfg = Debug|Any CPU
		{CE56057D-9102-44E5-8C84-8CAC0FB230B1}.Debug|Any CPU.Build.0 = Debug|Any CPU
		{CE56057D-9102-44E5-8C84-8CAC0FB230B1}.Release|Any CPU.ActiveCfg = Release|Any CPU
		{CE56057D-9102-44E5-8C84-8CAC0FB230B1}.Release|Any CPU.Build.0 = Release|Any CPU
	EndGlobalSection
	GlobalSection(SolutionProperties) = preSolution
		HideSolutionNode = FALSE
	EndGlobalSection
	GlobalSection(NestedProjects) = preSolution
		{A3B36B23-3B07-4E44-81BB-F4CDBD12BFCB} = {29DA770A-73FD-4AD4-88C6-393C7E9261B8}
		{9C198156-16D8-4CC2-8E07-812E69C540A2} = {8336AA51-012F-45B5-9B38-FD69D4ACAF66}
		{9D5B7789-14A7-4DDE-8EFF-52240037246A} = {8336AA51-012F-45B5-9B38-FD69D4ACAF66}
		{589021C9-559E-42FE-8F10-ADB099C26AD6} = {8336AA51-012F-45B5-9B38-FD69D4ACAF66}
		{BAED865C-846A-437E-866E-C03ED9E95DB3} = {29DA770A-73FD-4AD4-88C6-393C7E9261B8}
	EndGlobalSection
	GlobalSection(ExtensibilityGlobals) = postSolution
		SolutionGuid = {82302B92-357C-4D3F-A812-9A8F07BAEAFC}
	EndGlobalSection
EndGlobal
