
Microsoft Visual Studio Solution File, Format Version 12.00
# Visual Studio Version 17
VisualStudioVersion = 17.4.33403.182
MinimumVisualStudioVersion = 10.0.40219.1
Project("{9A19103F-16F7-4668-BE54-9A1E7A4F7556}") = "sabatex.V1C77.Models", "sabatex.V1C77.Models\sabatex.V1C77.Models.csproj", "{5B6C6836-5E7B-48A8-9FD3-D5A365CCC2CF}"
EndProject
Project("{9A19103F-16F7-4668-BE54-9A1E7A4F7556}") = "Sabatex.V1C77", "sabatex.V1C77\Sabatex.V1C77.csproj", "{C16306D1-ECCF-4367-95BC-5FA128FE1F1C}"
EndProject
Project("{9A19103F-16F7-4668-BE54-9A1E7A4F7556}") = "XUnitTest.sabatex.V1C77", "XUnitTest.sabatex.V1C77\XUnitTest.sabatex.V1C77.csproj", "{0983ACBC-5F9D-41CF-B130-1ADEACA84E9F}"
EndProject
Global
	GlobalSection(SolutionConfigurationPlatforms) = preSolution
		Debug|Any CPU = Debug|Any CPU
		Release|Any CPU = Release|Any CPU
	EndGlobalSection
	GlobalSection(ProjectConfigurationPlatforms) = postSolution
		{5B6C6836-5E7B-48A8-9FD3-D5A365CCC2CF}.Debug|Any CPU.ActiveCfg = Debug|Any CPU
		{5B6C6836-5E7B-48A8-9FD3-D5A365CCC2CF}.Debug|Any CPU.Build.0 = Debug|Any CPU
		{5B6C6836-5E7B-48A8-9FD3-D5A365CCC2CF}.Release|Any CPU.ActiveCfg = Release|Any CPU
		{5B6C6836-5E7B-48A8-9FD3-D5A365CCC2CF}.Release|Any CPU.Build.0 = Release|Any CPU
		{C16306D1-ECCF-4367-95BC-5FA128FE1F1C}.Debug|Any CPU.ActiveCfg = Debug|Any CPU
		{C16306D1-ECCF-4367-95BC-5FA128FE1F1C}.Debug|Any CPU.Build.0 = Debug|Any CPU
		{C16306D1-ECCF-4367-95BC-5FA128FE1F1C}.Release|Any CPU.ActiveCfg = Release|Any CPU
		{C16306D1-ECCF-4367-95BC-5FA128FE1F1C}.Release|Any CPU.Build.0 = Release|Any CPU
		{0983ACBC-5F9D-41CF-B130-1ADEACA84E9F}.Debug|Any CPU.ActiveCfg = Debug|Any CPU
		{0983ACBC-5F9D-41CF-B130-1ADEACA84E9F}.Debug|Any CPU.Build.0 = Debug|Any CPU
		{0983ACBC-5F9D-41CF-B130-1ADEACA84E9F}.Release|Any CPU.ActiveCfg = Release|Any CPU
		{0983ACBC-5F9D-41CF-B130-1ADEACA84E9F}.Release|Any CPU.Build.0 = Release|Any CPU
	EndGlobalSection
	GlobalSection(SolutionProperties) = preSolution
		HideSolutionNode = FALSE
	EndGlobalSection
	GlobalSection(ExtensibilityGlobals) = postSolution
		SolutionGuid = {82302B92-357C-4D3F-A812-9A8F07BAEAFC}
	EndGlobalSection
EndGlobal
